
Microsoft Visual Studio Solution File, Format Version 12.00
# Visual Studio 14
VisualStudioVersion = 14.0.23107.0
MinimumVisualStudioVersion = 10.0.40219.1
Project("{FAE04EC0-301F-11D3-BF4B-00C04F79EFBC}") = "PhoneBook", "PhoneBook\PhoneBook.csproj", "{A0710575-11A0-4348-999A-5D0FF6EAB498}"
EndProject
Global
	GlobalSection(SolutionConfigurationPlatforms) = preSolution
		Debug|Any CPU = Debug|Any CPU
		Release|Any CPU = Release|Any CPU
	EndGlobalSection
	GlobalSection(ProjectConfigurationPlatforms) = postSolution
		{A0710575-11A0-4348-999A-5D0FF6EAB498}.Debug|Any CPU.ActiveCfg = Debug|Any CPU
		{A0710575-11A0-4348-999A-5D0FF6EAB498}.Debug|Any CPU.Build.0 = Debug|Any CPU
		{A0710575-11A0-4348-999A-5D0FF6EAB498}.Release|Any CPU.ActiveCfg = Release|Any CPU
		{A0710575-11A0-4348-999A-5D0FF6EAB498}.Release|Any CPU.Build.0 = Release|Any CPU
	EndGlobalSection
	GlobalSection(SolutionProperties) = preSolution
		HideSolutionNode = FALSE
	EndGlobalSection
EndGlobal
